github.com/a-h/parse v0.0.0-20240121214402-3caf7543159a h1:vlmAfVwFK9sRpDlJyuHY8htP+KfGHB2VH02u0SoIufk=
github.com/a-h/parse v0.0.0-20240121214402-3caf7543159a/go.mod h1:3mnrkvGpurZ4ZrTDbYU84xhwXW2TjTKShSwjRi2ihfQ=
github.com/a-h/templ v0.3.819 h1:KDJ5jTFN15FyJnmSmo2gNirIqt7hfvBD2VXVDTySckM=
github.com/a-h/templ v0.3.819/go.mod h1:iDJKJktpttVKdWoTkRNNLcllRI+BlpopJc+8au3gOUo=
github.com/gofs-cli/gofs/template v0.0.0-20250107132201-a491e8995f6f h1:9E+CnH2aCOUBfirtlcM8VWWZZFdwCMrYNMbQaV41Mlc=
github.com/gofs-cli/gofs/template v0.0.0-20250107132201-a491e8995f6f/go.mod h1:wmbPixc0JgodcAwkvmq7dagY9bOj3wBrXtFpFiBxrMM=
github.com/gofs-cli/gofs/template v0.0.0-20250107141900-45361be18d14 h1:VZHw9w7quK9AiTvgWDgX5T+n+Mr6La0m+u8srZxkhZU=
github.com/gofs-cli/gofs/template v0.0.0-20250107141900-45361be18d14/go.mod h1:newJAE1Datc+OxizbOkk7sVBhjpS7+TEUxIx0+7cmmI=
github.com/google/go-cmp v0.6.0 h1:ofyhxvXcZhMsU5ulbFiLKl/XBFqE1GSq7atu8tAmTRI=
github.com/google/go-cmp v0.6.0/go.mod h1:17dUlkBOakJ0+DkrSSNjCkIjxS6bF9zb3elmeNGIjoY=
golang.org/x/mod v0.20.0 h1:utOm6MM3R3dnawAiJgn0y+xvuYRsm1RKM/4giyfDgV0=
golang.org/x/mod v0.20.0/go.mod h1:hTbmBsO62+eylJbnUtE2MGJUyE7QWk4xUqPFrRgJ+7c=
golang.org/x/mod v0.22.0 h1:D4nJWe9zXqHOmWqj4VMOJhvzj7bEZg4wEYa759z1pH4=
golang.org/x/mod v0.22.0/go.mod h1:6SkKJ3Xj0I0BrPOZoBy3bdMptDDU9oJrpohJ3eWZ1fY=
golang.org/x/tools v0.24.0 h1:J1shsA93PJUEVaUSaay7UXAyE8aimq3GW0pjlolpa24=
golang.org/x/tools v0.24.0/go.mod h1:YhNqVBIfWHdzvTLs0d8LCuMhkKUgSUKldakyV7W/WDQ=
golang.org/x/tools v0.29.0 h1:Xx0h3TtM9rzQpQuR4dKLrdglAmCEN5Oi+P74JdhdzXE=
golang.org/x/tools v0.29.0/go.mod h1:KMQVMRsVxU6nHCFXrBPhDB8XncLNLM0lIy/F14RP588=
